
Microsoft Visual Studio Solution File, Format Version 12.00
# Visual Studio Version 17
VisualStudioVersion = 17.3.32825.248
MinimumVisualStudioVersion = 10.0.40219.1
Project("{FAE04EC0-301F-11D3-BF4B-00C04F79EFBC}") = "DbFirst", "DbFirst\DbFirst.csproj", "{5D8122F4-D970-40FB-9015-E3DA3BD2CBB5}"
EndProject
Global
	GlobalSection(SolutionConfigurationPlatforms) = preSolution
		Debug|Any CPU = Debug|Any CPU
		Release|Any CPU = Release|Any CPU
	EndGlobalSection
	GlobalSection(ProjectConfigurationPlatforms) = postSolution
		{5D8122F4-D970-40FB-9015-E3DA3BD2CBB5}.Debug|Any CPU.ActiveCfg = Debug|Any CPU
		{5D8122F4-D970-40FB-9015-E3DA3BD2CBB5}.Debug|Any CPU.Build.0 = Debug|Any CPU
		{5D8122F4-D970-40FB-9015-E3DA3BD2CBB5}.Release|Any CPU.ActiveCfg = Release|Any CPU
		{5D8122F4-D970-40FB-9015-E3DA3BD2CBB5}.Release|Any CPU.Build.0 = Release|Any CPU
	EndGlobalSection
	GlobalSection(SolutionProperties) = preSolution
		HideSolutionNode = FALSE
	EndGlobalSection
	GlobalSection(ExtensibilityGlobals) = postSolution
		SolutionGuid = {DEB79637-DC7B-42A3-8ED1-FFB71C53B530}
	EndGlobalSection
EndGlobal
